
Microsoft Visual Studio Solution File, Format Version 12.00
# Visual Studio Version 17
VisualStudioVersion = 17.9.34728.123
MinimumVisualStudioVersion = 10.0.40219.1
Project("{FAE04EC0-301F-11D3-BF4B-00C04F79EFBC}") = "FunctionsWork", "FunctionsWork\FunctionsWork.csproj", "{A40D3A44-EA7B-4211-81EF-78C4F26495BD}"
EndProject
Global
	GlobalSection(SolutionConfigurationPlatforms) = preSolution
		Debug|Any CPU = Debug|Any CPU
		Release|Any CPU = Release|Any CPU
	EndGlobalSection
	GlobalSection(ProjectConfigurationPlatforms) = postSolution
		{A40D3A44-EA7B-4211-81EF-78C4F26495BD}.Debug|Any CPU.ActiveCfg = Debug|Any CPU
		{A40D3A44-EA7B-4211-81EF-78C4F26495BD}.Debug|Any CPU.Build.0 = Debug|Any CPU
		{A40D3A44-EA7B-4211-81EF-78C4F26495BD}.Release|Any CPU.ActiveCfg = Release|Any CPU
		{A40D3A44-EA7B-4211-81EF-78C4F26495BD}.Release|Any CPU.Build.0 = Release|Any CPU
	EndGlobalSection
	GlobalSection(SolutionProperties) = preSolution
		HideSolutionNode = FALSE
	EndGlobalSection
	GlobalSection(ExtensibilityGlobals) = postSolution
		SolutionGuid = {6500C890-8785-462C-880C-F38960130787}
	EndGlobalSection
EndGlobal
